{
  "version": "2",
  "remote": {
    "https://deno.land/std@0.106.0/encoding/base64.ts": "eecae390f1f1d1cae6f6c6d732ede5276bf4b9cd29b1d281678c054dc5cc009e",
    "https://deno.land/std@0.118.0/_util/assert.ts": "2f868145a042a11d5ad0a3c748dcf580add8a0dbc0e876eaa0026303a5488f58",
    "https://deno.land/std@0.118.0/async/deferred.ts": "ab60d46ba561abb3b13c0c8085d05797a384b9f182935f051dc67136817acdee",
    "https://deno.land/std@0.118.0/bytes/bytes_list.ts": "3bff6a09c72b2e0b1e92e29bd3b135053894196cca07a2bba842901073efe5cb",
    "https://deno.land/std@0.118.0/bytes/equals.ts": "69f55fdbd45c71f920c1a621e6c0865dc780cd8ae34e0f5e55a9497b70c31c1b",
    "https://deno.land/std@0.118.0/bytes/mod.ts": "fedb80b8da2e7ad8dd251148e65f92a04c73d6c5a430b7d197dc39588c8dda6f",
    "https://deno.land/std@0.118.0/io/buffer.ts": "8f10342821b81990acf859cdccb4e4031c7c9187a0ffc3ed6b356ee29ecc6681",
    "https://deno.land/std@0.118.0/io/types.d.ts": "89a27569399d380246ca7cdd9e14d5e68459f11fb6110790cc5ecbd4ee7f3215",
    "https://deno.land/std@0.152.0/_util/assert.ts": "e94f2eb37cebd7f199952e242c77654e43333c1ac4c5c700e929ea3aa5489f74",
    "https://deno.land/std@0.152.0/_util/os.ts": "3b4c6e27febd119d36a416d7a97bd3b0251b77c88942c8f16ee5953ea13e2e49",
    "https://deno.land/std@0.152.0/bytes/bytes_list.ts": "aba5e2369e77d426b10af1de0dcc4531acecec27f9b9056f4f7bfbf8ac147ab4",
    "https://deno.land/std@0.152.0/bytes/equals.ts": "3c3558c3ae85526f84510aa2b48ab2ad7bdd899e2e0f5b7a8ffc85acb3a6043a",
    "https://deno.land/std@0.152.0/bytes/mod.ts": "763f97d33051cc3f28af1a688dfe2830841192a9fea0cbaa55f927b49d49d0bf",
    "https://deno.land/std@0.152.0/encoding/hex.ts": "4cc5324417cbb4ac9b828453d35aed45b9cc29506fad658f1f138d981ae33795",
    "https://deno.land/std@0.152.0/fs/_util.ts": "2cf50bfb1081c2d5f2efec10ac19abbc2baf478e51cd1b057d0da2f30585b6ba",
    "https://deno.land/std@0.152.0/fs/walk.ts": "6ce8d87fbaeda23383e979599ad27f3f94b3e5ff0c0cd976b5fc5c2aa0df7d92",
    "https://deno.land/std@0.152.0/io/buffer.ts": "bd0c4bf53db4b4be916ca5963e454bddfd3fcd45039041ea161dbf826817822b",
    "https://deno.land/std@0.152.0/io/types.d.ts": "0cae3a62da7a37043661746c65c021058bae020b54e50c0e774916e5d4baee43",
    "https://deno.land/std@0.152.0/path/_constants.ts": "df1db3ffa6dd6d1252cc9617e5d72165cd2483df90e93833e13580687b6083c3",
    "https://deno.land/std@0.152.0/path/_interface.ts": "ee3b431a336b80cf445441109d089b70d87d5e248f4f90ff906820889ecf8d09",
    "https://deno.land/std@0.152.0/path/_util.ts": "c1e9686d0164e29f7d880b2158971d805b6e0efc3110d0b3e24e4b8af2190d2b",
    "https://deno.land/std@0.152.0/path/common.ts": "bee563630abd2d97f99d83c96c2fa0cca7cee103e8cb4e7699ec4d5db7bd2633",
    "https://deno.land/std@0.152.0/path/glob.ts": "cb5255638de1048973c3e69e420c77dc04f75755524cb3b2e160fe9277d939ee",
    "https://deno.land/std@0.152.0/path/mod.ts": "56fec03ad0ebd61b6ab39ddb9b0ddb4c4a5c9f2f4f632e09dd37ec9ebfd722ac",
    "https://deno.land/std@0.152.0/path/posix.ts": "c1f7afe274290ea0b51da07ee205653b2964bd74909a82deb07b69a6cc383aaa",
    "https://deno.land/std@0.152.0/path/separator.ts": "fe1816cb765a8068afb3e8f13ad272351c85cbc739af56dacfc7d93d710fe0f9",
    "https://deno.land/std@0.152.0/path/win32.ts": "bd7549042e37879c68ff2f8576a25950abbfca1d696d41d82c7bca0b7e6f452c",
    "https://deno.land/std@0.152.0/streams/conversion.ts": "fc3db02026183da795fa32ac7549868e9f19c75ba029d4b4c3739af62b48517a",
    "https://deno.land/std@0.160.0/_util/assert.ts": "e94f2eb37cebd7f199952e242c77654e43333c1ac4c5c700e929ea3aa5489f74",
    "https://deno.land/std@0.160.0/_util/os.ts": "8a33345f74990e627b9dfe2de9b040004b08ea5146c7c9e8fe9a29070d193934",
    "https://deno.land/std@0.160.0/async/abortable.ts": "87aa7230be8360c24ad437212311c9e8d4328854baec27b4c7abb26e85515c06",
    "https://deno.land/std@0.160.0/async/deadline.ts": "48ac998d7564969f3e6ec6b6f9bf0217ebd00239b1b2292feba61272d5dd58d0",
    "https://deno.land/std@0.160.0/async/debounce.ts": "dc8b92d4a4fe7eac32c924f2b8d3e62112530db70cadce27042689d82970b350",
    "https://deno.land/std@0.160.0/async/deferred.ts": "d8fb253ffde2a056e4889ef7e90f3928f28be9f9294b6505773d33f136aab4e6",
    "https://deno.land/std@0.160.0/async/delay.ts": "0419dfc993752849692d1f9647edf13407c7facc3509b099381be99ffbc9d699",
    "https://deno.land/std@0.160.0/async/mod.ts": "dd0a8ed4f3984ffabe2fcca7c9f466b7932d57b1864ffee148a5d5388316db6b",
    "https://deno.land/std@0.160.0/async/mux_async_iterator.ts": "3447b28a2a582224a3d4d3596bccbba6e85040da3b97ed64012f7decce98d093",
    "https://deno.land/std@0.160.0/async/pool.ts": "ef9eb97b388543acbf0ac32647121e4dbe629236899586c4d4311a8770fbb239",
    "https://deno.land/std@0.160.0/async/tee.ts": "9af3a3e7612af75861308b52249e167f5ebc3dcfc8a1a4d45462d96606ee2b70",
    "https://deno.land/std@0.160.0/bytes/bytes_list.ts": "aba5e2369e77d426b10af1de0dcc4531acecec27f9b9056f4f7bfbf8ac147ab4",
    "https://deno.land/std@0.160.0/bytes/equals.ts": "3c3558c3ae85526f84510aa2b48ab2ad7bdd899e2e0f5b7a8ffc85acb3a6043a",
    "https://deno.land/std@0.160.0/bytes/mod.ts": "b2e342fd3669176a27a4e15061e9d588b89c1aaf5008ab71766e23669565d179",
    "https://deno.land/std@0.160.0/crypto/_fnv/fnv32.ts": "aa9bddead8c6345087d3abd4ef35fb9655622afc333fc41fff382b36e64280b5",
    "https://deno.land/std@0.160.0/crypto/_fnv/fnv64.ts": "625d7e7505b6cb2e9801b5fd6ed0a89256bac12b2bbb3e4664b85a88b0ec5bef",
    "https://deno.land/std@0.160.0/crypto/_fnv/index.ts": "a8f6a361b4c6d54e5e89c16098f99b6962a1dd6ad1307dbc97fa1ecac5d7060a",
    "https://deno.land/std@0.160.0/crypto/_fnv/util.ts": "4848313bed7f00f55be3cb080aa0583fc007812ba965b03e4009665bde614ce3",
    "https://deno.land/std@0.160.0/crypto/_wasm_crypto/lib/deno_std_wasm_crypto.generated.mjs": "258b484c2da27578bec61c01d4b62c21f72268d928d03c968c4eb590cb3bd830",
    "https://deno.land/std@0.160.0/crypto/_wasm_crypto/mod.ts": "6c60d332716147ded0eece0861780678d51b560f533b27db2e15c64a4ef83665",
    "https://deno.land/std@0.160.0/crypto/keystack.ts": "e481eed28007395e554a435e880fee83a5c73b9259ed8a135a75e4b1e4f381f7",
    "https://deno.land/std@0.160.0/crypto/mod.ts": "fadedc013b4a86fda6305f1adc6d1c02225834d53cff5d95cc05f62b25127517",
    "https://deno.land/std@0.160.0/crypto/timing_safe_equal.ts": "82a29b737bc8932d75d7a20c404136089d5d23629e94ba14efa98a8cc066c73e",
    "https://deno.land/std@0.160.0/datetime/formatter.ts": "7c8e6d16a0950f400aef41b9f1eb9168249869776ec520265dfda785d746589e",
    "https://deno.land/std@0.160.0/datetime/mod.ts": "ea927ca96dfb28c7b9a5eed5bdc7ac46bb9db38038c4922631895cea342fea87",
    "https://deno.land/std@0.160.0/datetime/tokenizer.ts": "7381e28f6ab51cb504c7e132be31773d73ef2f3e1e50a812736962b9df1e8c47",
    "https://deno.land/std@0.160.0/encoding/base64.ts": "c57868ca7fa2fbe919f57f88a623ad34e3d970d675bdc1ff3a9d02bba7409db2",
    "https://deno.land/std@0.160.0/encoding/base64url.ts": "a5f82a9fa703bd85a5eb8e7c1296bc6529e601ebd9642cc2b5eaa6b38fa9e05a",
    "https://deno.land/std@0.160.0/encoding/hex.ts": "4cc5324417cbb4ac9b828453d35aed45b9cc29506fad658f1f138d981ae33795",
    "https://deno.land/std@0.160.0/fmt/colors.ts": "9e36a716611dcd2e4865adea9c4bec916b5c60caad4cdcdc630d4974e6bb8bd4",
    "https://deno.land/std@0.160.0/io/buffer.ts": "fae02290f52301c4e0188670e730cd902f9307fb732d79c4aa14ebdc82497289",
    "https://deno.land/std@0.160.0/io/types.d.ts": "107e1e64834c5ba917c783f446b407d33432c5d612c4b3430df64fc2b4ecf091",
    "https://deno.land/std@0.160.0/path/_constants.ts": "df1db3ffa6dd6d1252cc9617e5d72165cd2483df90e93833e13580687b6083c3",
    "https://deno.land/std@0.160.0/path/_interface.ts": "ee3b431a336b80cf445441109d089b70d87d5e248f4f90ff906820889ecf8d09",
    "https://deno.land/std@0.160.0/path/_util.ts": "d16be2a16e1204b65f9d0dfc54a9bc472cafe5f4a190b3c8471ec2016ccd1677",
    "https://deno.land/std@0.160.0/path/common.ts": "bee563630abd2d97f99d83c96c2fa0cca7cee103e8cb4e7699ec4d5db7bd2633",
    "https://deno.land/std@0.160.0/path/glob.ts": "cb5255638de1048973c3e69e420c77dc04f75755524cb3b2e160fe9277d939ee",
    "https://deno.land/std@0.160.0/path/mod.ts": "56fec03ad0ebd61b6ab39ddb9b0ddb4c4a5c9f2f4f632e09dd37ec9ebfd722ac",
    "https://deno.land/std@0.160.0/path/posix.ts": "6b63de7097e68c8663c84ccedc0fd977656eb134432d818ecd3a4e122638ac24",
    "https://deno.land/std@0.160.0/path/separator.ts": "fe1816cb765a8068afb3e8f13ad272351c85cbc739af56dacfc7d93d710fe0f9",
    "https://deno.land/std@0.160.0/path/win32.ts": "ee8826dce087d31c5c81cd414714e677eb68febc40308de87a2ce4b40e10fb8d",
    "https://deno.land/std@0.160.0/testing/_diff.ts": "a23e7fc2b4d8daa3e158fa06856bedf5334ce2a2831e8bf9e509717f455adb2c",
    "https://deno.land/std@0.160.0/testing/_format.ts": "cd11136e1797791045e639e9f0f4640d5b4166148796cad37e6ef75f7d7f3832",
    "https://deno.land/std@0.160.0/testing/asserts.ts": "1e340c589853e82e0807629ba31a43c84ebdcdeca910c4a9705715dfdb0f5ce8",
    "https://deno.land/std@0.178.0/async/abortable.ts": "73acfb3ed7261ce0d930dbe89e43db8d34e017b063cf0eaa7d215477bf53442e",
    "https://deno.land/std@0.178.0/async/deadline.ts": "c5facb0b404eede83e38bd2717ea8ab34faa2ffb20ef87fd261fcba32ba307aa",
    "https://deno.land/std@0.178.0/async/debounce.ts": "adab11d04ca38d699444ac8a9d9856b4155e8dda2afd07ce78276c01ea5a4332",
    "https://deno.land/std@0.178.0/async/deferred.ts": "42790112f36a75a57db4a96d33974a936deb7b04d25c6084a9fa8a49f135def8",
    "https://deno.land/std@0.178.0/async/delay.ts": "73aa04cec034c84fc748c7be49bb15cac3dd43a57174bfdb7a4aec22c248f0dd",
    "https://deno.land/std@0.178.0/async/mod.ts": "f04344fa21738e5ad6bea37a6bfffd57c617c2d372bb9f9dcfd118a1b622e576",
    "https://deno.land/std@0.178.0/async/mux_async_iterator.ts": "70c7f2ee4e9466161350473ad61cac0b9f115cff4c552eaa7ef9d50c4cbb4cc9",
    "https://deno.land/std@0.178.0/async/pool.ts": "fd082bd4aaf26445909889435a5c74334c017847842ec035739b4ae637ae8260",
    "https://deno.land/std@0.178.0/async/retry.ts": "5efa3ba450ac0c07a40a82e2df296287b5013755d232049efd7ea2244f15b20f",
    "https://deno.land/std@0.178.0/async/tee.ts": "47e42d35f622650b02234d43803d0383a89eb4387e1b83b5a40106d18ae36757",
    "https://deno.land/std@0.178.0/collections/filter_values.ts": "5b9feaf17b9a6e5ffccdd36cf6f38fa4ffa94cff2602d381c2ad0c2a97929652",
    "https://deno.land/std@0.178.0/collections/without_all.ts": "a89f5da0b5830defed4f59666e188df411d8fece35a5f6ca69be6ca71a95c185",
    "https://deno.land/std@0.178.0/dotenv/mod.ts": "8dcbc8a40b896a0bf094582aaeadbfc76d3528872faf2efc0302beb1d2f6afd0",
    "https://deno.land/std@0.178.0/http/server.ts": "cbb17b594651215ba95c01a395700684e569c165a567e4e04bba327f41197433",
    "https://deno.land/std@0.76.0/encoding/base64.ts": "b1d8f99b778981548457ec74bc6273ad785ffd6f61b2233bd5b30925345b565d",
    "https://deno.land/x/canvas@v1.4.1/deps.ts": "e956026d98094946166e06d7b799290b732db015813870d84e04e33ab88e98f3",
    "https://deno.land/x/canvas@v1.4.1/mod.ts": "a4e16972647ceafef58612a377a218372454c99d2c9da615a132694597114f80",
    "https://deno.land/x/canvas@v1.4.1/src/base64.ts": "0928031fdba0c43b617154fbe2eb7578366460c04da1422933ae5e936d3d0349",
    "https://deno.land/x/canvas@v1.4.1/src/canvas.ts": "58119999b04f68ebeed2627485c5c24c5b0c029707edde0b6568814f9049a3a8",
    "https://deno.land/x/canvas@v1.4.1/src/canvaskit.ts": "c3d807472cbb3e1d9fc01bb43ff974ef796c4b010178d1595be5fa793cce5e7d",
    "https://deno.land/x/canvas@v1.4.1/src/color_util.ts": "28f1072f0a5acbe7add7fac2f452311a47b44c080806fc4057de2d2e405c6c1c",
    "https://deno.land/x/canvas@v1.4.1/src/lib.js": "bb21711589bfbc8997b455cdf53e3150e23289f3b44809188041b1d2fc7924fa",
    "https://deno.land/x/canvas@v1.4.1/src/types.ts": "67d5800f8f4b0a407e0251676a03ae91b5f50a3ed53e6b72dc5984113cb93128",
    "https://deno.land/x/canvas@v1.4.1/src/wasm.js": "449d72cc14fc4142a5853f944df49a744d852981d09c5515528ede8aebb0afda",
    "https://deno.land/x/event@2.0.0/mod.ts": "8eb8bc72d29b332cc9db426f704c7606436077b4bb12e968590045d3460fbe2e",
    "https://deno.land/x/fetchbase64@1.0.0/deps.ts": "2f44013a40540650b346d36b6aae141207b39426fca02ec5292d9d4d5f33f4ac",
    "https://deno.land/x/fetchbase64@1.0.0/mod.ts": "f4551a2ecf41f560dcd12c6c8cf65b5246458b2b9b2b2836693a3410b15ca82f",
    "https://deno.land/x/fetchbase64@1.0.0/src/auto.ts": "77a20763dd250b71af0ff7abe11a37722c0ee637cd1feafe4afd081f7d04e868",
    "https://deno.land/x/fetchbase64@1.0.0/src/local.ts": "53a9d0157419f3bc1aac6440549adac529c475042d2391532618242a883f96c9",
    "https://deno.land/x/fetchbase64@1.0.0/src/remote.ts": "95320d1e2cba524099f18a446195388de31281e713ec6c86e46f9d20bb6db736",
    "https://deno.land/x/harmony@v2.8.0/deps.ts": "78bbbb60e94653d0ce538981cb63dd605a21878bccde28fd726604968ef09148",
    "https://deno.land/x/harmony@v2.8.0/mod.ts": "91fb7c29642ec7dd2ffd5ff4d29e6a69021c9be43f8ffc54796af72d35e2eaa3",
    "https://deno.land/x/harmony@v2.8.0/src/cache/adapter.ts": "227cfd1fca519f8c0c37621c3706fdc249ec9df1043aaaad96894341ffeceb43",
    "https://deno.land/x/harmony@v2.8.0/src/cache/default.ts": "c728244b49405c08e0390a73d3712a19f110cd8d1f5473d2849311ac513d5a85",
    "https://deno.land/x/harmony@v2.8.0/src/cache/mod.ts": "e8cc80c705c86954a8544ec311f07a65600af38890a3c7124410c45a91968d0a",
    "https://deno.land/x/harmony@v2.8.0/src/cache/redis.ts": "a217d8231aab7621c1ea63e62e0bdafe8a5c21157f62064ad62a815656757829",
    "https://deno.land/x/harmony@v2.8.0/src/client/client.ts": "acc14c5df4e619faa2148f5a34fc210d2e57bdb7e38330d33bab0c1d404c385a",
    "https://deno.land/x/harmony@v2.8.0/src/client/collectors.ts": "f8f4d80b5bdac255ffcf725a702f7180cf92678288137fa2d96399a102197553",
    "https://deno.land/x/harmony@v2.8.0/src/client/mod.ts": "705b82fd8b2b5c32df18f356de57a4d9e4377a0cd2a0ca17cfb00e4b042be3ac",
    "https://deno.land/x/harmony@v2.8.0/src/client/shard.ts": "f4d0017f613ec1e2b34fe52e69633ab0d2659167b1110893df65f8a2359acfdd",
    "https://deno.land/x/harmony@v2.8.0/src/client/voice.ts": "dd403cec0ea8db33b41194df3f3264e0a4907190054bf2dbfe1b56dce51f31b3",
    "https://deno.land/x/harmony@v2.8.0/src/commands/client.ts": "7f8261e3062ddebad42b48ed817a6c27191775bb7795f50e55b97e02eaf64973",
    "https://deno.land/x/harmony@v2.8.0/src/commands/command.ts": "c5d6431cc194bb29ca83e4a694386b99505b3c64cf099d0aa75b3586e7567890",
    "https://deno.land/x/harmony@v2.8.0/src/commands/extension.ts": "242d24b1ecd07b20f96b7ba571411417b3017b2c0e42059428e558e90df11365",
    "https://deno.land/x/harmony@v2.8.0/src/gateway/handlers/channelCreate.ts": "b95620f1b8f6d1291499860f1a93109b59c1d43f364fa2ea345fab94475b242f",
    "https://deno.land/x/harmony@v2.8.0/src/gateway/handlers/channelDelete.ts": "471fc308d6a34de0d88cb602964a064d8065e622c2b7bfc0e9b14285560cb19b",
    "https://deno.land/x/harmony@v2.8.0/src/gateway/handlers/channelPinsUpdate.ts": "f2e400aeb9a83509fbf338a3f445aabaa9f2513e6e12b344c993ddaddd8e00cb",
    "https://deno.land/x/harmony@v2.8.0/src/gateway/handlers/channelUpdate.ts": "c335b9e98a72a8b6772122a2649424f22b42ad2706a451eb934063eb327d06cc",
    "https://deno.land/x/harmony@v2.8.0/src/gateway/handlers/guildBanAdd.ts": "4aea7c19fde3d19be593c219a1325d75e5a1fa27aa5a1e6e52e59cc3fccdb270",
    "https://deno.land/x/harmony@v2.8.0/src/gateway/handlers/guildBanRemove.ts": "7416b0fd4c0953a35c5d2027154505010ae08ca219839233cc6f9cad00d4bf7d",
    "https://deno.land/x/harmony@v2.8.0/src/gateway/handlers/guildCreate.ts": "30e9044e7a179d71089d4215ee6902a5ef320200a9b43c0d51180ac99bffbb85",
    "https://deno.land/x/harmony@v2.8.0/src/gateway/handlers/guildDelete.ts": "3af16441faad0f125a970809409b5513a767e0ac2ba53d79ae0363ea7de3fdd4",
    "https://deno.land/x/harmony@v2.8.0/src/gateway/handlers/guildEmojiUpdate.ts": "0e3b853317755e0b4221a8a259a6635b330e93c05cc347b847a2fc199135128e",
    "https://deno.land/x/harmony@v2.8.0/src/gateway/handlers/guildIntegrationsUpdate.ts": "8a29116d28cf14464ede93abd2475e806a88685ebb6877cce8967d5dbfd8c0e7",
    "https://deno.land/x/harmony@v2.8.0/src/gateway/handlers/guildMemberAdd.ts": "de2551f1ebed02f37d8cf828691f4e753677fcc586e8d3a73165e4416513b3e3",
    "https://deno.land/x/harmony@v2.8.0/src/gateway/handlers/guildMemberRemove.ts": "27c57911d5a68b5b7a2487c796b1289fa23e1d0e17536b22abaeb56dd8004a2e",
    "https://deno.land/x/harmony@v2.8.0/src/gateway/handlers/guildMemberUpdate.ts": "275946ff6af9369f4a4540eb776585d87e48e4ba950d1d6dd4941d7f399b2de3",
    "https://deno.land/x/harmony@v2.8.0/src/gateway/handlers/guildMembersChunk.ts": "a4fbc4b8c01b65dd77e1454e49d770a63a1240c06e8fb8c052bd3682c97134f7",
    "https://deno.land/x/harmony@v2.8.0/src/gateway/handlers/guildRoleCreate.ts": "10e17b837fd66a258136f9d96471d1c3cc1a9c058fddb59ec55521f79768f264",
    "https://deno.land/x/harmony@v2.8.0/src/gateway/handlers/guildRoleDelete.ts": "5ae8e25d20aab648ad30bc143f03347d062459b08470e27b8c9873477126de8f",
    "https://deno.land/x/harmony@v2.8.0/src/gateway/handlers/guildRoleUpdate.ts": "94a23201e8c21bb763b3d8845cf3991c2b618433a089e849c2c399eb71183ceb",
    "https://deno.land/x/harmony@v2.8.0/src/gateway/handlers/guildStickersUpdate.ts": "5bd32d928ab2af388e2f876720f4c89c478209617af80f00655ab227cdd76b2a",
    "https://deno.land/x/harmony@v2.8.0/src/gateway/handlers/guildUpdate.ts": "ced94b0bea8e494cbef8e61a8576f71416eaee79718a64dc59d43883abe7f075",
    "https://deno.land/x/harmony@v2.8.0/src/gateway/handlers/interactionCreate.ts": "403ee91ea497fd5585c6b95bf9a54c66b0de90698e709819f27ad6caad042237",
    "https://deno.land/x/harmony@v2.8.0/src/gateway/handlers/inviteCreate.ts": "c6a219ee104d965f6b5eabd7069d0e6f2e02f19a723b3681ecd2a28d8cddca95",
    "https://deno.land/x/harmony@v2.8.0/src/gateway/handlers/inviteDelete.ts": "a0bf84cd89c6cb4ceb8e9b0bc88eacadf130ea52fc1f133ab386eada5194257c",
    "https://deno.land/x/harmony@v2.8.0/src/gateway/handlers/messageCreate.ts": "1e01a947fc730bb26aab1a4f856f0f806783c6457f70004cfe3f2e8a9def1745",
    "https://deno.land/x/harmony@v2.8.0/src/gateway/handlers/messageDelete.ts": "2536d7466a16950bd4d5f1b7e4139f707e6b99cc57141d2f9727033664ffd45c",
    "https://deno.land/x/harmony@v2.8.0/src/gateway/handlers/messageDeleteBulk.ts": "5ef5a39281ca4dd2826156480a288d2c3a4247291d2035768448cfc95bd14aa4",
    "https://deno.land/x/harmony@v2.8.0/src/gateway/handlers/messageReactionAdd.ts": "e799f656096d9225e053bd9666294c5bb4f31896fd1a8c7682fcf0469bd3f482",
    "https://deno.land/x/harmony@v2.8.0/src/gateway/handlers/messageReactionRemove.ts": "988481427bf99db045ee830d5145317a0c0b6500a39b242e99cb53454993cc3b",
    "https://deno.land/x/harmony@v2.8.0/src/gateway/handlers/messageReactionRemoveAll.ts": "809b99d690ab54653485062fe2be72464bcf265ef4d0d329a0351b01cbe050f5",
    "https://deno.land/x/harmony@v2.8.0/src/gateway/handlers/messageReactionRemoveEmoji.ts": "183955ca5be09a222aac21f4b765547eb081a7cd9c2b6ff6cfdf20e6c0a27905",
    "https://deno.land/x/harmony@v2.8.0/src/gateway/handlers/messageUpdate.ts": "20b8ac5fa5a3cf4354e563a7ddc74c2e5b8c902e23091c5a9321b7bd89eb95b7",
    "https://deno.land/x/harmony@v2.8.0/src/gateway/handlers/mod.ts": "5ea39794c52dd7b341cab8f30aabd9bb05691b71494b3c8d538ef3387e50b62c",
    "https://deno.land/x/harmony@v2.8.0/src/gateway/handlers/presenceUpdate.ts": "bedd2c3f371b9a8b6238f7b7e15c683d1f26618faa6137270401dde3a12520cf",
    "https://deno.land/x/harmony@v2.8.0/src/gateway/handlers/ready.ts": "fb5e5c898b2228d0efb411d497ed4b5cb5623768487f7e36a4b855968f91ef00",
    "https://deno.land/x/harmony@v2.8.0/src/gateway/handlers/reconnect.ts": "b0b4fff4f47de44f0637ad7aea0920b775731dee15ea07c355741374e0676f04",
    "https://deno.land/x/harmony@v2.8.0/src/gateway/handlers/resume.ts": "0b710b10459c523015541ab9a2150a4ded333d769d8f1d7c644b64b065639fcc",
    "https://deno.land/x/harmony@v2.8.0/src/gateway/handlers/threadCreate.ts": "591982967e164354d42050a0f7fcc62a772d4e464c66462928c5cf8ee6b0753f",
    "https://deno.land/x/harmony@v2.8.0/src/gateway/handlers/threadDelete.ts": "29ee5a3dd5e10fdbbc6974025d8746baaeb03362e0f8aeef07cdaae625958b28",
    "https://deno.land/x/harmony@v2.8.0/src/gateway/handlers/threadListSync.ts": "0bc0f553f9776049289ebe79acde0a13e472da379ddfee59e8e25e5b02947d2b",
    "https://deno.land/x/harmony@v2.8.0/src/gateway/handlers/threadMemberUpdate.ts": "ebd1bf33a5247f74c095d5f8b3df36f71f842a9b203be00be40579df11b7aea4",
    "https://deno.land/x/harmony@v2.8.0/src/gateway/handlers/threadMembersUpdate.ts": "1757a014a012cc444ad42afe00c31194b00a33583853a5744484b6ada3e5d344",
    "https://deno.land/x/harmony@v2.8.0/src/gateway/handlers/threadUpdate.ts": "4ada9ee46f8620d9b7f2e070c2d59b816643a27c556b246c4033173da71011c4",
    "https://deno.land/x/harmony@v2.8.0/src/gateway/handlers/typingStart.ts": "4eda773351b78ecaddb3339f0a42a81a2c9227666515caf71c20e2b5301d2c7f",
    "https://deno.land/x/harmony@v2.8.0/src/gateway/handlers/userUpdate.ts": "3ae2b0b590fcb09e36a45e07973e20703ae5b57a3ada2806dce99e25aed01126",
    "https://deno.land/x/harmony@v2.8.0/src/gateway/handlers/voiceServerUpdate.ts": "67ebe6b1a99ec6589b6dc575cd2a088b4afd7dbf849e61355400bf3342393d7e",
    "https://deno.land/x/harmony@v2.8.0/src/gateway/handlers/voiceStateUpdate.ts": "99b9ff2ef5c0520a0c5f62287630e266ab4965757ef9bd5f7ac05bf44461e31d",
    "https://deno.land/x/harmony@v2.8.0/src/gateway/handlers/webhooksUpdate.ts": "04991c8e12ad97a32c502d2e55cf80d1ade2cc7e2bdd6ae00105a4a01b48c10b",
    "https://deno.land/x/harmony@v2.8.0/src/gateway/mod.ts": "3545e0b45809bf20d9924d4e64eb17e5dcc881077a3bddc93a6b076a0fb4218b",
    "https://deno.land/x/harmony@v2.8.0/src/interactions/applicationCommand.ts": "04145a73c69690ca7522a1e2a9786a6d8817075c1531dec1f93f80632922ca16",
    "https://deno.land/x/harmony@v2.8.0/src/interactions/client.ts": "79db031e88aa9476fd8005bc916b6bc22b045fb8b3d59eba11d7f126aa3b2546",
    "https://deno.land/x/harmony@v2.8.0/src/interactions/commandModule.ts": "e0b72c3f3d6428c0d8150eadabb148a62f5403ca1f9f80ba3f2f574f96a430a4",
    "https://deno.land/x/harmony@v2.8.0/src/interactions/decorators.ts": "64c03dc7a084fff2ff86ad548fd4513203f235c06eef5103048ed3d977243a59",
    "https://deno.land/x/harmony@v2.8.0/src/interactions/mod.ts": "561ab4a9737e2cec6d0c26bcfd7f4517b9373161ee7e213d1a4e46789ab5dda5",
    "https://deno.land/x/harmony@v2.8.0/src/interactions/tsxComponents.ts": "c52ad758e52a7fc9d688726fa17445895fac5b9b10520bb19c63975d72affd1d",
    "https://deno.land/x/harmony@v2.8.0/src/managers/base.ts": "73e09354fac5ca7b0a0f74f0253ea7d5b0bdd16da7ede2531ab85876b652f6cf",
    "https://deno.land/x/harmony@v2.8.0/src/managers/baseChild.ts": "86045ed5559bb611f509952aa2988c1e3ec07b4bbce0ed3ea9c0c90b2c9e1bf3",
    "https://deno.land/x/harmony@v2.8.0/src/managers/channelThreads.ts": "e422ac6c31095fe27c1ed7b87ccb35a7dd5da51abeba60bcecceac37eb08254a",
    "https://deno.land/x/harmony@v2.8.0/src/managers/channels.ts": "5a5f9dd94fb41198294d6de9d2182a5b99ee2b3f1601c38bbbada936b33fa0da",
    "https://deno.land/x/harmony@v2.8.0/src/managers/emojis.ts": "e9a73ebc02a68a54037c793286b2cc094cb89b31e8f32da0b53d37dd90a64c3c",
    "https://deno.land/x/harmony@v2.8.0/src/managers/gatewayCache.ts": "8f673dde8a19e0339781f63268fa06b883645726a1e4d90b5dc3a6f891890613",
    "https://deno.land/x/harmony@v2.8.0/src/managers/guildChannelVoiceStates.ts": "2e3f0e5cc0ff722463d8ef5e65671f1081e82f668a3e4f49407aa45a7b7e1933",
    "https://deno.land/x/harmony@v2.8.0/src/managers/guildChannels.ts": "86a01d0354ae2976b46d07032863a06e21e80c3bcb8ba8c202bcad0cb6ed478a",
    "https://deno.land/x/harmony@v2.8.0/src/managers/guildEmojis.ts": "d2ebeb4810f1dce1033bcae2d59f3829bb2c4e5701718b9e1e3ecaa56eb67304",
    "https://deno.land/x/harmony@v2.8.0/src/managers/guildStickers.ts": "e08c0bb3ad60dcda71e6be59d2d8a73ab605cd0b1aed7e93d6c4927e33260695",
    "https://deno.land/x/harmony@v2.8.0/src/managers/guildVoiceStates.ts": "3dcc714aa2cd1848e684bb5ce8052550b4d970858d329ecb28acbc2f8656ca9b",
    "https://deno.land/x/harmony@v2.8.0/src/managers/guilds.ts": "8695a6e28ad73b3650a260bf90ca5ec33e18cf5ef3bf27676cda0198b2046bdb",
    "https://deno.land/x/harmony@v2.8.0/src/managers/invites.ts": "863f8b6671df1a27ec9297a146c9df082cfe0589d047aaf010722d186fc24ea5",
    "https://deno.land/x/harmony@v2.8.0/src/managers/memberRoles.ts": "0e453d3c16e94c360c7877c1fc5e42a5a85b63dc595a7b61edfe1849ad8ef100",
    "https://deno.land/x/harmony@v2.8.0/src/managers/members.ts": "3fa5d9f6235b699ab9d85b698816f9e576d3c74c7ef865a331cf977ff545d162",
    "https://deno.land/x/harmony@v2.8.0/src/managers/messageReactions.ts": "83dedcaedd55a1a39c9686ab09f7c200cc27e2f787dac598a75378f899c5df86",
    "https://deno.land/x/harmony@v2.8.0/src/managers/messages.ts": "eb044effe3d5b3993b82517562001de8c0597995be4e5a25c2fd0504483eb2dd",
    "https://deno.land/x/harmony@v2.8.0/src/managers/presences.ts": "3e417198f46cb4848fb75dd3b3cd0a705c5ee7158e982cb39e16df6e8a1e1174",
    "https://deno.land/x/harmony@v2.8.0/src/managers/reactionUsers.ts": "47e52f1f4282134f917373baae4fbc606da33ba3daf0a9149158c947f8bbe6c1",
    "https://deno.land/x/harmony@v2.8.0/src/managers/roles.ts": "2c2ece8446de602df9f5caf75887c216c35d7efc0926dde1b30f430053b3238e",
    "https://deno.land/x/harmony@v2.8.0/src/managers/stickers.ts": "4b93f511a2e67ea1ca5513075f85109da0f88feaa89aceb0efd1c007ec94fc67",
    "https://deno.land/x/harmony@v2.8.0/src/managers/threadMembers.ts": "2530754630d1e537e5849e5f552281fee65dde79eb7a727d481e0881135cce54",
    "https://deno.land/x/harmony@v2.8.0/src/managers/threads.ts": "c12bb7db6e1c66467e0061fa6917e1cd6f31c671a99e51d14371410eb7542453",
    "https://deno.land/x/harmony@v2.8.0/src/managers/users.ts": "05c04b5712b69c183649d3b7366021093abe214c76da92d88b17a400cb93b873",
    "https://deno.land/x/harmony@v2.8.0/src/rest/bucket.ts": "9346c7b2303dad44b4f4b2fbceb2b0c7daae6c25caf4ca2e92e79e39eabd20da",
    "https://deno.land/x/harmony@v2.8.0/src/rest/endpoints.ts": "1c02757d57049ce81b0dab03e7dd6672e1de553d5b4e81beb9a1e64de46ececf",
    "https://deno.land/x/harmony@v2.8.0/src/rest/error.ts": "bd8bb46443c3d0bb5e60f3ad87e080e11ac132c4a4dc58afa2c48d94c35e794e",
    "https://deno.land/x/harmony@v2.8.0/src/rest/manager.ts": "4174496bef6626c91d9afbd06a1ca8992c8dc0046ecff2825ababea93ba31ec2",
    "https://deno.land/x/harmony@v2.8.0/src/rest/mod.ts": "96b368e712eda4aceba394061c74f98a9ce157f924c9fc0b7fdde592d6162289",
    "https://deno.land/x/harmony@v2.8.0/src/rest/queue.ts": "b4af52191b6315ab34652ef385d99866c062d2973c6d3599a184fb44bbc66fda",
    "https://deno.land/x/harmony@v2.8.0/src/rest/request.ts": "c8b3f923e800ae6f87b37f1208724f7079b5ff5c6bbc9135ae906afb316b5e18",
    "https://deno.land/x/harmony@v2.8.0/src/rest/types.ts": "6c8abf8fe7302d6256c7424dbeee7f447b2521c54150f46e35b18eef1508b9eb",
    "https://deno.land/x/harmony@v2.8.0/src/structures/application.ts": "4f6113b54fa0c3028d98588c7579d80d13b78053e9210a453dfd297c374b6897",
    "https://deno.land/x/harmony@v2.8.0/src/structures/applicationCommand.ts": "ed0a34666ad3d6948cbeea3cd6b1fca1cc8019c9089c3af3b1510abc77cfd789",
    "https://deno.land/x/harmony@v2.8.0/src/structures/autocompleteInteraction.ts": "c4f046e49f18792b58fae66026e05e65ebd98ab361b1816771226fafc1f140a7",
    "https://deno.land/x/harmony@v2.8.0/src/structures/base.ts": "65c28b3a0711a78f0dd54b4230bd94497b74ea3cf267c78b7948849ea9e7707c",
    "https://deno.land/x/harmony@v2.8.0/src/structures/cdn.ts": "32bd607b16328cf2123eceb5d96d4e40285591b56b91d058ce160035d79c1cd2",
    "https://deno.land/x/harmony@v2.8.0/src/structures/channel.ts": "5c05bf9a3db901fc177db6f1d104b9d32728555a0faa9fb6b19e47bd36815167",
    "https://deno.land/x/harmony@v2.8.0/src/structures/dmChannel.ts": "bc142161003c0799187b5be92c0785e02e3ae63ad4ee98de5a0b3fc27b3fe019",
    "https://deno.land/x/harmony@v2.8.0/src/structures/embed.ts": "8429e9eb0e72185fb4980e02c8e70269f0811ff8a3207273ff10e4001e563338",
    "https://deno.land/x/harmony@v2.8.0/src/structures/emoji.ts": "6475074e49505ddfb58005f7fe4f5bf0780249f963fc8f0423e689de3b5f535d",
    "https://deno.land/x/harmony@v2.8.0/src/structures/groupChannel.ts": "df255e1926e44db28c9add22d09c3b57f58d8791cd98c935669903f1b02c10a6",
    "https://deno.land/x/harmony@v2.8.0/src/structures/guild.ts": "48aa47b8b63ebce26885330e33bd5f2ff195df822b98daec4d67a7768d57469b",
    "https://deno.land/x/harmony@v2.8.0/src/structures/guildCategoryChannel.ts": "2558eb08fff2225d5355af086929b576d756eddb3d195bd47aacea25f9689761",
    "https://deno.land/x/harmony@v2.8.0/src/structures/guildForumChannel.ts": "2b7e4259417bd6fc49a08efe293e74fb697d8cc29510787d6667931ba9289d96",
    "https://deno.land/x/harmony@v2.8.0/src/structures/guildNewsChannel.ts": "c55db2360836e8453c266074a5b9e00c3ed422ab0d9007752b8d1b3453beeb32",
    "https://deno.land/x/harmony@v2.8.0/src/structures/guildStageVoiceChannel.ts": "2ab0fe6eb1d56557853770b4264ed73c72ad2df3e6dea7841bf1bca3232791fc",
    "https://deno.land/x/harmony@v2.8.0/src/structures/guildStoreChannel.ts": "5945c5f648a2b4cbb2ea13aefb31d8d092596e83fbcf83a0eaa9258a107c7529",
    "https://deno.land/x/harmony@v2.8.0/src/structures/guildTextChannel.ts": "9fe63c16ae66ef038abd4e54164d5eb8786e41369de75a65a71ca351b4ea3aeb",
    "https://deno.land/x/harmony@v2.8.0/src/structures/guildThreadAvailableChannel.ts": "aaff836c02854988ca526089545b136889b52f0a891a831af3d81c39cbf81e45",
    "https://deno.land/x/harmony@v2.8.0/src/structures/guildVoiceChannel.ts": "b4da6100ce58292d5b5942e88f8cf5fa047505239afd4a28a00a1f24650ecd90",
    "https://deno.land/x/harmony@v2.8.0/src/structures/guildVoiceStageChannel.ts": "2ab0fe6eb1d56557853770b4264ed73c72ad2df3e6dea7841bf1bca3232791fc",
    "https://deno.land/x/harmony@v2.8.0/src/structures/interactions.ts": "00c5e56cd193cd8d00dcb3248a8bb85ce082b73ad2cc73d56d0e2e5bedbb874f",
    "https://deno.land/x/harmony@v2.8.0/src/structures/invite.ts": "f4d5cbf29a11313265cd82b431db2b683d1186e935e9c7d121413c5e4939d221",
    "https://deno.land/x/harmony@v2.8.0/src/structures/member.ts": "92ebf0203cf97d3f61d538aa5a7d68c217e861569759467c785a209c3d3ed9d3",
    "https://deno.land/x/harmony@v2.8.0/src/structures/message.ts": "22ca219758280dca020d9cf89c19928a90aa229940181aa916756ae3e1d557aa",
    "https://deno.land/x/harmony@v2.8.0/src/structures/messageComponents.ts": "9694177a16fa091427eb094316f7c3b8779737dd0e13dae78bc98b63a8e571dc",
    "https://deno.land/x/harmony@v2.8.0/src/structures/messageMentions.ts": "363daa4587bb603b9db0d7faaa68d6d5775e7300e08df2863619a3afe8c1c8d2",
    "https://deno.land/x/harmony@v2.8.0/src/structures/messageReaction.ts": "52d7f0ba482b338fa5a7fb74964fa2ee7a2fe6f28257f5f17bd7240102afb6f8",
    "https://deno.land/x/harmony@v2.8.0/src/structures/messageSticker.ts": "2392ef407bbae90da120c6cf08b583d2153744cb79cb1d680e65e2fde5df024d",
    "https://deno.land/x/harmony@v2.8.0/src/structures/modalSubmitInteraction.ts": "b3b7c72ddff3f3de07200fc890af354a281ef7e185c5edc55a1640edc5d57cce",
    "https://deno.land/x/harmony@v2.8.0/src/structures/presence.ts": "5afca6323bf067d184319813f0b2223114b0d2aa1ececf60af2e68ebe72fd721",
    "https://deno.land/x/harmony@v2.8.0/src/structures/resolvable.ts": "762c5954860ba2849dd1227fd9f76d8aee87a9f03741950e75db370f64328258",
    "https://deno.land/x/harmony@v2.8.0/src/structures/role.ts": "ea70392f0763c3c463fff5d60e522d987fc149a9d5c244926ca696d531e6941f",
    "https://deno.land/x/harmony@v2.8.0/src/structures/team.ts": "7f98de7356ba4925d42cc32107347d8e33a0fc3dcfab15bc070e3c698b47548d",
    "https://deno.land/x/harmony@v2.8.0/src/structures/template.ts": "68021bde76a50ea18f132cb8b6590a798962ba043fb7a2cb1b55ef2aaea5df4b",
    "https://deno.land/x/harmony@v2.8.0/src/structures/textChannel.ts": "c97c5596a459ad0088dfa211eb2d84d34600e6a5a00c9bdffb42ec6f1d8f61bf",
    "https://deno.land/x/harmony@v2.8.0/src/structures/threadChannel.ts": "46629b4480f4e8d0aabd1c24d98fd77de3461f55181114af3b8c70d61ba57fb0",
    "https://deno.land/x/harmony@v2.8.0/src/structures/user.ts": "efde3aeec1b67f15977d3680d7727ecccebc3ef38a8f3ff8dd312dd7ab9d8a01",
    "https://deno.land/x/harmony@v2.8.0/src/structures/voiceState.ts": "b4e96b47e98310337ec6aa95db12d299e7d46ada98b68f89c305dd91682fef14",
    "https://deno.land/x/harmony@v2.8.0/src/structures/webhook.ts": "50a3c3770a4b878b086dfc8cd9266d8b65bfddda75f5f5f7c19053a0acbf7c6f",
    "https://deno.land/x/harmony@v2.8.0/src/types/application.ts": "44b7a4c034178bd02b139b232167d5bca444fafa3272c0ee1472308ddb794012",
    "https://deno.land/x/harmony@v2.8.0/src/types/applicationCommand.ts": "81baed6cb65ed07d8f0ff5ce616617161bdd18fe7a9cad273033209b04d2e74c",
    "https://deno.land/x/harmony@v2.8.0/src/types/cdn.ts": "681ee16ca3424d4002341f90452d2aec618155e7bbfb81589236122a2bd4cc4c",
    "https://deno.land/x/harmony@v2.8.0/src/types/channel.ts": "f19795f1aca0e6e2676645bc04dcf96648ce68a784c9fd57dbc0315bd7b37e4b",
    "https://deno.land/x/harmony@v2.8.0/src/types/constants.ts": "5a56ec0c1145ca3025de92278145113390ebe2c56cecd13f3a3d02feafe7b7ba",
    "https://deno.land/x/harmony@v2.8.0/src/types/emoji.ts": "96751c5e7a12f033f7bea536387e9a6a8e3afea6759970afc58ea80694419ec9",
    "https://deno.land/x/harmony@v2.8.0/src/types/endpoint.ts": "84715f8bd5fe4d0905913530d0bb55f08230a17ee16cba3d1feb7b939c31ff9c",
    "https://deno.land/x/harmony@v2.8.0/src/types/gateway.ts": "c85df4550e1ee0d3a5a64b2098c60b1c4fcfa1beafad6118ec784a1508e5df09",
    "https://deno.land/x/harmony@v2.8.0/src/types/gatewayBot.ts": "3c57f2b2df8060683220345b891b42ae0458d1b26461b51ffdfa1bd5ec48080b",
    "https://deno.land/x/harmony@v2.8.0/src/types/gatewayResponse.ts": "111ee1bfbf341370345547a7e2f041cce47953679c9698df8c4c1e2fed1d0b21",
    "https://deno.land/x/harmony@v2.8.0/src/types/guild.ts": "7d88bfd1b6954fd1dd67a8a3518565244736264a47b629feeb6256986883c3e2",
    "https://deno.land/x/harmony@v2.8.0/src/types/interactions.ts": "fbffb40948c8344453b24eeb6fde137cc207830948e4d4907406aab5ab01b994",
    "https://deno.land/x/harmony@v2.8.0/src/types/invite.ts": "90972a222decf5b0b5ecaab92b0fd0d817febc24a1cb7eaebebbbd19030a86b7",
    "https://deno.land/x/harmony@v2.8.0/src/types/messageComponents.ts": "aa0745f118fdc00540cf6e3b5dc679738953d6647b253a15f7b473fba9b985b2",
    "https://deno.land/x/harmony@v2.8.0/src/types/oauth.ts": "355b87753c56d89c63777f47d4ad884655bf9397da6e2ed986a0a7933eb9170f",
    "https://deno.land/x/harmony@v2.8.0/src/types/permissionFlags.ts": "3c492485876091b3c513284bbde420c50ebe7f067634d3d55fb38338a179f1de",
    "https://deno.land/x/harmony@v2.8.0/src/types/presence.ts": "57ff0972e55a1573b93f241184eb4987582c4955ad3ff2a29d569e04938477e8",
    "https://deno.land/x/harmony@v2.8.0/src/types/role.ts": "7fae955c86d93ee52f63104716c9bd0ee222c1fca1e8c5e4420e8b1bbe28c60d",
    "https://deno.land/x/harmony@v2.8.0/src/types/team.ts": "c3b9b5ede67ffa781c52b064da458875d6a8d7b7ca4bf1cc81749230f0da45d8",
    "https://deno.land/x/harmony@v2.8.0/src/types/template.ts": "8931a46027863777d536ef73f7b0101eb885eeb6c39c2c17db7d24d3096dda88",
    "https://deno.land/x/harmony@v2.8.0/src/types/user.ts": "ef9fd2c6ce2e974ee4793738834e032ca010a7145105d7c8616af177c49d00ab",
    "https://deno.land/x/harmony@v2.8.0/src/types/userFlags.ts": "fe49dbaba9b506a725316c7094c91c8c974d8f43bdae09071548e5a21ba83ecc",
    "https://deno.land/x/harmony@v2.8.0/src/types/voice.ts": "05cba935fea8c7e0a06d757269ca5ecaccfb23806b3137e96553c4beba35a2ef",
    "https://deno.land/x/harmony@v2.8.0/src/types/webhook.ts": "32af12c3deda11fbbe4f79e29d539f5b71426612c22902a870ade246b2888edd",
    "https://deno.land/x/harmony@v2.8.0/src/utils/bitfield.ts": "eb20ca0f5137b7d7449ef4005f75cc8224d42b415ffeffdab63650d110a385ab",
    "https://deno.land/x/harmony@v2.8.0/src/utils/channel.ts": "9eca98df912ddf471b54c9b57a03006f0f5790ded6160addfd496624bfa77f5d",
    "https://deno.land/x/harmony@v2.8.0/src/utils/channelTypes.ts": "7caa4b94df51f19be52f798f3ee878d80adf56c29c507cfb316575ec63301c77",
    "https://deno.land/x/harmony@v2.8.0/src/utils/collection.ts": "d99226afc4dbe0ef63c07b4a00a0e969d93daa87fcbdef6d6466a42409a45c0d",
    "https://deno.land/x/harmony@v2.8.0/src/utils/colorutil.ts": "f3f728be62d366fdb2cbccf486cea027210af885bdbb1f832dfa4db34712f3c8",
    "https://deno.land/x/harmony@v2.8.0/src/utils/command.ts": "6ea7942006c9714c988b67886c0d487ae618e5b1501a49d1a16239815ad15f61",
    "https://deno.land/x/harmony@v2.8.0/src/utils/components.ts": "7a925c5d2f42e4989b7e3a5cbf36fcf7a82906afd76d71294b7d4185d60945a7",
    "https://deno.land/x/harmony@v2.8.0/src/utils/delay.ts": "501d3ff33a1018c962d13c4de1db9e99e41c936f70c1119bc428f3ee0145eb8f",
    "https://deno.land/x/harmony@v2.8.0/src/utils/dict.ts": "30c00e16f90b5a8162aede15966dae77527f71641ad36ad302e8efa056ce9cf3",
    "https://deno.land/x/harmony@v2.8.0/src/utils/encoding.ts": "0b4f03476c39a72d81492f9b39a71f3e73abfef9fd5bfeb7ac987eb991c663be",
    "https://deno.land/x/harmony@v2.8.0/src/utils/err_fmt.ts": "37baddade1b1707a96b38363754310ce9b9d1e41dc394e646e7af4026bbaa359",
    "https://deno.land/x/harmony@v2.8.0/src/utils/events.ts": "e48093fd1f9371e243e04a048ca9c313163e4b2bed4178f2b2ab26ad7e04fc45",
    "https://deno.land/x/harmony@v2.8.0/src/utils/intents.ts": "03e67cad9a4480a989919d168a222413fdf8d7d3a65d74986eb9ebd3753ac098",
    "https://deno.land/x/harmony@v2.8.0/src/utils/interactions.ts": "8b9809dddf5e237a9f0a694b05764d48a8e334607411c3c2b73611a49f981b7d",
    "https://deno.land/x/harmony@v2.8.0/src/utils/oauthURL.ts": "f8f95d95d0ed637af25cb060d7d351132cd4e456635c08b7042fd59e4539d263",
    "https://deno.land/x/harmony@v2.8.0/src/utils/permissions.ts": "c0e03caf594414140544afe39142b70f4bd16c3f634b59917ead3566cd551c98",
    "https://deno.land/x/harmony@v2.8.0/src/utils/snakeCase.ts": "e634296601f4fe5b09e43ed3b491e3bac46dba5403622369cd47e4f79c0816d3",
    "https://deno.land/x/harmony@v2.8.0/src/utils/snowflake.ts": "a3715de195998b05fc9934a3db2017b6961ba57dd78b442c468763afd971fb2b",
    "https://deno.land/x/harmony@v2.8.0/src/utils/userFlags.ts": "71ed6753d17aad3e36dee9ada7b48159b17b5151f7a2bdb75a27b352e3b01c4b",
    "https://deno.land/x/hono@v3.0.2/client/client.ts": "6c6e803ba60e3202608b7532c98d7219e659b52309ee3ba7dc604d1b7b731d20",
    "https://deno.land/x/hono@v3.0.2/client/index.ts": "7ad089b121f2613a0eaedd3d8aa8307a48bf3bf48f6c38281d6e73ee35f0d7ea",
    "https://deno.land/x/hono@v3.0.2/client/types.ts": "f96f3d87636b14c9430ad0a9143434cd859c914d9058ff5f36de630c65f6afdd",
    "https://deno.land/x/hono@v3.0.2/client/utils.ts": "21e93a8998f66e53044a7204c3bb458013b79d98fdcae9c3ff9680deb5800e22",
    "https://deno.land/x/hono@v3.0.2/compose.ts": "9bc97f737857da061b2294eb9812b7e0ca773acc2e913c11bf93d5732c0469f0",
    "https://deno.land/x/hono@v3.0.2/context.ts": "b053da7ec49c7a32f10572f951ae68347260ffab62fcce76cbc2ce544fe44d23",
    "https://deno.land/x/hono@v3.0.2/hono.ts": "2d8a9ce808f1ee8f64560d1de23c5427a0555f691b67180e903cbf560705b885",
    "https://deno.land/x/hono@v3.0.2/http-exception.ts": "e74a5e8504ecf795e9babdc2bab9d4052e1806a7396efc89f8e1ed83e813e3be",
    "https://deno.land/x/hono@v3.0.2/mod.ts": "8fb4f86e935574b4bba498556eb295d9f94515b9b86046e0ebd240784aa3bb14",
    "https://deno.land/x/hono@v3.0.2/request.ts": "e3b38e76f7d13596266e644c8598d324c56ae73af263c3bf029f6ffeafdb221b",
    "https://deno.land/x/hono@v3.0.2/router.ts": "21448bc2e6019574c10fae11237da4367037fa107e68bf3d049cd2fd0efd2adb",
    "https://deno.land/x/hono@v3.0.2/router/reg-exp-router/index.ts": "52755829213941756159b7a963097bafde5cc4fc22b13b1c7c9184dc0512d1db",
    "https://deno.land/x/hono@v3.0.2/router/reg-exp-router/node.ts": "8006b5bccb83d9fc98e0562a5545f6dd0be639ce445b089a6171c9c617aa8693",
    "https://deno.land/x/hono@v3.0.2/router/reg-exp-router/router.ts": "35a405c855cf6d10c350a651169c2c728fd19aaf3d3a0c416e5a06752914e6bd",
    "https://deno.land/x/hono@v3.0.2/router/reg-exp-router/trie.ts": "567493b301c44174f0895aedb8d055bbecf88f8a25626fa8ca61333bbd0c882c",
    "https://deno.land/x/hono@v3.0.2/router/smart-router/index.ts": "74f9b4fe15ea535900f2b9b048581915f12fe94e531dd2b0032f5610e61c3bef",
    "https://deno.land/x/hono@v3.0.2/router/smart-router/router.ts": "1d54f5c87875d856ed5fc2d22a100e1ff31debe3e9d8e9b1cc18d8e5706239f2",
    "https://deno.land/x/hono@v3.0.2/router/trie-router/index.ts": "3eb75e7f71ba81801631b30de6b1f5cefb2c7239c03797e2b2cbab5085911b41",
    "https://deno.land/x/hono@v3.0.2/router/trie-router/node.ts": "ca5b6a1ce6b6dc01003809bfa9cb93a323b37b27feee14c64655015deff7d2a9",
    "https://deno.land/x/hono@v3.0.2/router/trie-router/router.ts": "0a969528a0c1680b552b20f0ca90e484e968ac279be9d5fd952b61a804d680e7",
    "https://deno.land/x/hono@v3.0.2/types.ts": "d00c4e18cff1f205fa0c1161a5e874a98d3fc96cb2a174d91f598a93af7031e1",
    "https://deno.land/x/hono@v3.0.2/utils/body.ts": "b6b5ed679122968a74845df4c5454c677f09adc4f3466d822f3b1397884e540e",
    "https://deno.land/x/hono@v3.0.2/utils/cookie.ts": "545872bd7af3b455c24fd386ecbccfd161e7d4a0038d6b09b1bb22723602f90a",
    "https://deno.land/x/hono@v3.0.2/utils/http-status.ts": "2d6003e352c1fe918db663fa4bd2b20bf0b9d4e1699ba5e163f317f00b29d938",
    "https://deno.land/x/hono@v3.0.2/utils/types.ts": "173dedfe018b447cc6b067d2b6968c1f1dccba67ad50526d356b79e0465a5753",
    "https://deno.land/x/hono@v3.0.2/utils/url.ts": "2cf0f38d976761296ccaf2622b6999b7c0c1d3a1f63f066a6f832288ea7c28d9",
    "https://deno.land/x/hono@v3.0.2/validator/index.ts": "3dc2c9418dee74333ea8b98642ce112b6d449042bbcefe1e835047fcf2458170",
    "https://deno.land/x/hono@v3.0.2/validator/validator.ts": "4d09be3fe477434ba19f642e6af7e77edc8e942cf88e6733c71ecedc06437fd5",
    "https://deno.land/x/postgres@v0.17.0/client.ts": "348779c9f6a1c75ef1336db662faf08dce7d2101ff72f0d1e341ba1505c8431d",
    "https://deno.land/x/postgres@v0.17.0/client/error.ts": "0817583b666fd546664ed52c1d37beccc5a9eebcc6e3c2ead20ada99b681e5f7",
    "https://deno.land/x/postgres@v0.17.0/connection/auth.ts": "1070125e2ac4ca4ade36d69a4222d37001903092826d313217987583edd61ce9",
    "https://deno.land/x/postgres@v0.17.0/connection/connection.ts": "428ed3efa055870db505092b5d3545ef743497b7b4b72cf8f0593e7dd4788acd",
    "https://deno.land/x/postgres@v0.17.0/connection/connection_params.ts": "52bfe90e8860f584b95b1b08c254dde97c3aa763c4b6bee0c80c5930e35459e0",
    "https://deno.land/x/postgres@v0.17.0/connection/message.ts": "f9257948b7f87d58bfbfe3fc6e2e08f0de3ef885655904d56a5f73655cc22c5a",
    "https://deno.land/x/postgres@v0.17.0/connection/message_code.ts": "466719008b298770c366c5c63f6cf8285b7f76514dadb4b11e7d9756a8a1ddbf",
    "https://deno.land/x/postgres@v0.17.0/connection/packet.ts": "050aeff1fc13c9349e89451a155ffcd0b1343dc313a51f84439e3e45f64b56c8",
    "https://deno.land/x/postgres@v0.17.0/connection/scram.ts": "0c7a2551fe7b1a1c62dd856b7714731a7e7534ccca10093336782d1bfc5b2bd2",
    "https://deno.land/x/postgres@v0.17.0/deps.ts": "f47ccb41f7f97eaad455d94f407ef97146ae99443dbe782894422c869fbba69e",
    "https://deno.land/x/postgres@v0.17.0/mod.ts": "a1e18fd9e6fedc8bc24e5aeec3ae6de45e2274be1411fb66e9081420c5e81d7d",
    "https://deno.land/x/postgres@v0.17.0/pool.ts": "892db7b5e1787988babecc994a151ebbd7d017f080905cbe9c3d7b44a73032a9",
    "https://deno.land/x/postgres@v0.17.0/query/array_parser.ts": "f8a229d82c3801de8266fa2cc4afe12e94fef8d0c479e73655c86ed3667ef33f",
    "https://deno.land/x/postgres@v0.17.0/query/decode.ts": "44a4a6cbcf494ed91a4fecae38a57dce63a7b519166f02c702791d9717371419",
    "https://deno.land/x/postgres@v0.17.0/query/decoders.ts": "16cb0e60227d86692931e315421b15768c78526e3aeb84e25fcc4111096de9fd",
    "https://deno.land/x/postgres@v0.17.0/query/encode.ts": "5f1418a2932b7c2231556e4a5f5f56efef48728014070cfafe7656963f342933",
    "https://deno.land/x/postgres@v0.17.0/query/oid.ts": "8c33e1325f34e4ca9f11a48b8066c8cfcace5f64bc1eb17ad7247af4936999e1",
    "https://deno.land/x/postgres@v0.17.0/query/query.ts": "edb473cbcfeff2ee1c631272afb25d079d06b66b5853f42492725b03ffa742b6",
    "https://deno.land/x/postgres@v0.17.0/query/transaction.ts": "8e75c3ce0aca97da7fe126e68f8e6c08d640e5c8d2016e62cee5c254bebe7fe8",
    "https://deno.land/x/postgres@v0.17.0/query/types.ts": "a6dc8024867fe7ccb0ba4b4fa403ee5d474c7742174128c8e689c3b5e5eaa933",
    "https://deno.land/x/postgres@v0.17.0/utils/deferred.ts": "dd94f2a57355355c47812b061a51b55263f72d24e9cb3fdb474c7519f4d61083",
    "https://deno.land/x/postgres@v0.17.0/utils/utils.ts": "19c3527ddd5c6c4c49ae36397120274c7f41f9d3cbf479cb36065d23329e9f90",
    "https://deno.land/x/redis@v0.25.1/command.ts": "1b49e8215941e53c61c7b9d408a57f54e8774263170f9a179c96e98f6e200453",
    "https://deno.land/x/redis@v0.25.1/connection.ts": "74e69aca7538367b8a95cd1e73e26d7fa483d409bbd7d645481a46344a067af3",
    "https://deno.land/x/redis@v0.25.1/errors.ts": "b4d05747d2002190593a8aa436442a9a62beae0a92351c49aeb1f8220c8401cf",
    "https://deno.land/x/redis@v0.25.1/executor.ts": "03e5f43df4e0c9c62b0e1be778811d45b6a1966ddf406e21ed5a227af70b7183",
    "https://deno.land/x/redis@v0.25.1/mod.ts": "bf89920411bfa366a65b1cd1175eb30f383d5357f90d70a95efd77f8bd78c36e",
    "https://deno.land/x/redis@v0.25.1/pipeline.ts": "ee2e736138f8428b8aba5b8efbc1ea7757a3b673caa1b1c02fe433a35e1d5de7",
    "https://deno.land/x/redis@v0.25.1/protocol/_util.ts": "0525f7f444a96b92cd36423abdfe221f8d8de4a018dc5cb6750a428a5fc897c2",
    "https://deno.land/x/redis@v0.25.1/protocol/command.ts": "027fc65461f22c1ea9a6a41de9f9e4ac39a359a2229df16b280b3cfd69be4eea",
    "https://deno.land/x/redis@v0.25.1/protocol/mod.ts": "e71efc7e605fc71e2816129e7a40a19a8053dc008adc17b1f56ae6f47e6506c4",
    "https://deno.land/x/redis@v0.25.1/protocol/reply.ts": "8f5517807b31a9da6aabd738e25433a9d36bca1a97cb1ac310156b58656a94aa",
    "https://deno.land/x/redis@v0.25.1/protocol/types.ts": "30bfe5bd1aad4fb4c877f214ab63de2a1910f2f99dddd2e18d9bf7f0b9d5bfd4",
    "https://deno.land/x/redis@v0.25.1/pubsub.ts": "a51807268fff329f315496611f0044c9d7dc6caf432b0b592c7179e250ccb818",
    "https://deno.land/x/redis@v0.25.1/redis.ts": "dfad3e83bc3ef61a4a918cf7e763f40919cbb3599fbb3baf2911bdeda193d4db",
    "https://deno.land/x/redis@v0.25.1/stream.ts": "fcbb29932755cdeb30e7f451bf3aa8d49b5df2c3897e1a4aaa25b210f0e865a2",
    "https://deno.land/x/redis@v0.25.1/vendor/https/deno.land/std/async/deferred.ts": "48221f12e1abb23728620251584636e0cffe6cdcb2aa50c266364a858dd763fa",
    "https://deno.land/x/redis@v0.25.1/vendor/https/deno.land/std/io/buffer.ts": "e37482327f62d4b602adaa4c9737a8c9ca05e0471d555e13adc6930134572f81",
    "https://esm.sh/ts-mixer@6.0.0": "ec1201edc92d3e47f16f3fa4a20fdff0f48dc463e01a101e23aecab7a2dfdd83",
    "https://esm.sh/v107/ts-mixer@6.0.0/deno/ts-mixer.js": "2f3fdb671868b4d54935797f92e803da0265ce56bdefa2e2e2f87cd52183031d",
    "https://esm.sh/v107/ts-mixer@6.0.0/dist/types/decorator.d.ts": "a32ae152a4bbf5c988aecc17c3639cb8bca9cad7a1ba9b4c34fd3fb0a9c4a257",
    "https://esm.sh/v107/ts-mixer@6.0.0/dist/types/index.d.ts": "c7072c2839ea9318759a8f19c80b3450d76ae60765a81f77bba49c60146d3ee2",
    "https://esm.sh/v107/ts-mixer@6.0.0/dist/types/mixin-tracking.d.ts": "740f3c8edc4ce667ee1ec27f89e352cec058f1adf9265a6570f83916fa0a6c27",
    "https://esm.sh/v107/ts-mixer@6.0.0/dist/types/mixins.d.ts": "81ed963d1dc902e7bf2e0f86bc4db8e3abb6b81350bff20858ced8c3079dc27a",
    "https://esm.sh/v107/ts-mixer@6.0.0/dist/types/settings.d.ts": "12b85e790b29aac1f5b53c30d88fbf78ad8fd256832bb2d42f5d48d55c6b4928",
    "https://esm.sh/v107/ts-mixer@6.0.0/dist/types/types.d.ts": "5af2a793eab01fa3bb389c707acba1e6afa09e69e564454b990124ff4401b34b",
    "https://raw.githubusercontent.com/DjDeveloperr/Manga/62ba6ab257c8f3ca3906cb9e1b77dfbbbf50d983/src/types.ts": "0d86e32b795c2726ccc38291b021ddb505caf6c77d98b5c88b53d3f326405fc3",
    "https://unpkg.com/@evan/wasm@0.0.94/target/ed25519/deno.js": "9728126890f17b71cee41afdab8a4bc362f6b9f409fe0a5c4f6ca9f3b510fd3a",
    "https://unpkg.com/@evan/wasm@0.0.94/target/zlib/deno.js": "e65131e1c1f45e64960f2699a0b868927ea5c9201c4b986a7cfc57b18be5cc09"
  }
}
